
Microsoft Visual Studio Solution File, Format Version 12.00
# Visual Studio Version 17
VisualStudioVersion = 17.4.33213.308
MinimumVisualStudioVersion = 10.0.40219.1
Project("{FAE04EC0-301F-11D3-BF4B-00C04F79EFBC}") = "UltimateStoryteller_BasilicusPatch", "UltimateStoryteller_BasilicusPatch.csproj", "{12151664-5DCF-43D8-843D-4BB44A398551}"
EndProject
Global
	GlobalSection(SolutionConfigurationPlatforms) = preSolution
		Debug|Any CPU = Debug|Any CPU
		Release|Any CPU = Release|Any CPU
	EndGlobalSection
	GlobalSection(ProjectConfigurationPlatforms) = postSolution
		{12151664-5DCF-43D8-843D-4BB44A398551}.Debug|Any CPU.ActiveCfg = Debug|Any CPU
		{12151664-5DCF-43D8-843D-4BB44A398551}.Debug|Any CPU.Build.0 = Debug|Any CPU
		{12151664-5DCF-43D8-843D-4BB44A398551}.Release|Any CPU.ActiveCfg = Release|Any CPU
		{12151664-5DCF-43D8-843D-4BB44A398551}.Release|Any CPU.Build.0 = Release|Any CPU
	EndGlobalSection
	GlobalSection(SolutionProperties) = preSolution
		HideSolutionNode = FALSE
	EndGlobalSection
	GlobalSection(ExtensibilityGlobals) = postSolution
		SolutionGuid = {3CF10992-FA19-492A-8D59-8EE1ADDD0596}
	EndGlobalSection
EndGlobal
